
Microsoft Visual Studio Solution File, Format Version 12.00
# Visual Studio Version 17
VisualStudioVersion = 17.3.32825.248
MinimumVisualStudioVersion = 10.0.40219.1
Project("{9A19103F-16F7-4668-BE54-9A1E7A4F7556}") = "Disaheim 2.0", "Disaheim 2.0\Disaheim 2.0.csproj", "{0CE0618B-1568-46B4-B092-975E655C9165}"
EndProject
Project("{9A19103F-16F7-4668-BE54-9A1E7A4F7556}") = "DisaheimTest", "DisaheimTest\DisaheimTest.csproj", "{AEF4CE53-0EBF-47B2-AD68-BE1293989148}"
EndProject
Project("{FAE04EC0-301F-11D3-BF4B-00C04F79EFBC}") = "UtilityLib", "UtilityLib\UtilityLib.csproj", "{E5F197F3-1326-4393-9BF0-E9D189894013}"
EndProject
Global
	GlobalSection(SolutionConfigurationPlatforms) = preSolution
		Debug|Any CPU = Debug|Any CPU
		Release|Any CPU = Release|Any CPU
	EndGlobalSection
	GlobalSection(ProjectConfigurationPlatforms) = postSolution
		{0CE0618B-1568-46B4-B092-975E655C9165}.Debug|Any CPU.ActiveCfg = Debug|Any CPU
		{0CE0618B-1568-46B4-B092-975E655C9165}.Debug|Any CPU.Build.0 = Debug|Any CPU
		{0CE0618B-1568-46B4-B092-975E655C9165}.Release|Any CPU.ActiveCfg = Release|Any CPU
		{0CE0618B-1568-46B4-B092-975E655C9165}.Release|Any CPU.Build.0 = Release|Any CPU
		{AEF4CE53-0EBF-47B2-AD68-BE1293989148}.Debug|Any CPU.ActiveCfg = Debug|Any CPU
		{AEF4CE53-0EBF-47B2-AD68-BE1293989148}.Debug|Any CPU.Build.0 = Debug|Any CPU
		{AEF4CE53-0EBF-47B2-AD68-BE1293989148}.Release|Any CPU.ActiveCfg = Release|Any CPU
		{AEF4CE53-0EBF-47B2-AD68-BE1293989148}.Release|Any CPU.Build.0 = Release|Any CPU
		{E5F197F3-1326-4393-9BF0-E9D189894013}.Debug|Any CPU.ActiveCfg = Debug|Any CPU
		{E5F197F3-1326-4393-9BF0-E9D189894013}.Debug|Any CPU.Build.0 = Debug|Any CPU
		{E5F197F3-1326-4393-9BF0-E9D189894013}.Release|Any CPU.ActiveCfg = Release|Any CPU
		{E5F197F3-1326-4393-9BF0-E9D189894013}.Release|Any CPU.Build.0 = Release|Any CPU
	EndGlobalSection
	GlobalSection(SolutionProperties) = preSolution
		HideSolutionNode = FALSE
	EndGlobalSection
	GlobalSection(ExtensibilityGlobals) = postSolution
		SolutionGuid = {1B9C9EBA-8C9E-43BA-973E-4285BD2AF07F}
	EndGlobalSection
EndGlobal
